// !$*UTF8*$!
{
	archiveVersion = 1;
	classes = {
	};
	objectVersion = 51;
	objects = {

/* Begin PBXBuildFile section */
		4737D3F62642490B0032AFC8 /* admob_in_swiftuiApp.swift in Sources */ = {isa = PBXBuildFile; fileRef = 4737D3F52642490B0032AFC8 /* admob_in_swiftuiApp.swift */; };
		4737D3F82642490B0032AFC8 /* ContentView.swift in Sources */ = {isa = PBXBuildFile; fileRef = 4737D3F72642490B0032AFC8 /* ContentView.swift */; };
		4737D3FA2642490C0032AFC8 /* Assets.xcassets in Resources */ = {isa = PBXBuildFile; fileRef = 4737D3F92642490C0032AFC8 /* Assets.xcassets */; };
		4737D3FD2642490C0032AFC8 /* Preview Assets.xcassets in Resources */ = {isa = PBXBuildFile; fileRef = 4737D3FC2642490C0032AFC8 /* Preview Assets.xcassets */; };
		4737D4082642490C0032AFC8 /* admob_in_swiftuiTests.swift in Sources */ = {isa = PBXBuildFile; fileRef = 4737D4072642490C0032AFC8 /* admob_in_swiftuiTests.swift */; };
		4737D4132642490C0032AFC8 /* admob_in_swiftuiUITests.swift in Sources */ = {isa = PBXBuildFile; fileRef = 4737D4122642490C0032AFC8 /* admob_in_swiftuiUITests.swift */; };
		4737D44226424F6D0032AFC8 /* README.md in Resources */ = {isa = PBXBuildFile; fileRef = 4737D44126424F6D0032AFC8 /* README.md */; };
		84EC5A84C21F81E1914A2B2F /* Pods_admob_in_swiftui_admob_in_swiftuiUITests.framework in Frameworks */ = {isa = PBXBuildFile; fileRef = 79F5C338A1095D29180B167F /* Pods_admob_in_swiftui_admob_in_swiftuiUITests.framework */; };
		C1FF485B9E242481917BBD6F /* Pods_admob_in_swiftui.framework in Frameworks */ = {isa = PBXBuildFile; fileRef = 1EF5D883CD0ADB06D0EE8A05 /* Pods_admob_in_swiftui.framework */; };
		D22ABA58ACCF38B0FDBADAF1 /* Pods_admob_in_swiftuiTests.framework in Frameworks */ = {isa = PBXBuildFile; fileRef = 9B25229A8059D9ADC6CD2142 /* Pods_admob_in_swiftuiTests.framework */; };
/* End PBXBuildFile section */

/* Begin PBXContainerItemProxy section */
		4737D4042642490C0032AFC8 /* PBXContainerItemProxy */ = {
			isa = PBXContainerItemProxy;
			containerPortal = 4737D3EA2642490B0032AFC8 /* Project object */;
			proxyType = 1;
			remoteGlobalIDString = 4737D3F12642490B0032AFC8;
			remoteInfo = "admob-in-swiftui";
		};
		4737D40F2642490C0032AFC8 /* PBXContainerItemProxy */ = {
			isa = PBXContainerItemProxy;
			containerPortal = 4737D3EA2642490B0032AFC8 /* Project object */;
			proxyType = 1;
			remoteGlobalIDString = 4737D3F12642490B0032AFC8;
			remoteInfo = "admob-in-swiftui";
		};
/* End PBXContainerItemProxy section */

/* Begin PBXFileReference section */
		1EF5D883CD0ADB06D0EE8A05 /* Pods_admob_in_swiftui.framework */ = {isa = PBXFileReference; explicitFileType = wrapper.framework; includeInIndex = 0; path = Pods_admob_in_swiftui.framework; sourceTree = BUILT_PRODUCTS_DIR; };
		2B8733672134183E7874677B /* Pods-admob-in-swiftui.release.xcconfig */ = {isa = PBXFileReference; includeInIndex = 1; lastKnownFileType = text.xcconfig; name = "Pods-admob-in-swiftui.release.xcconfig"; path = "Target Support Files/Pods-admob-in-swiftui/Pods-admob-in-swiftui.release.xcconfig"; sourceTree = "<group>"; };
		34470FE0F32AD5273ACAE033 /* Pods-admob-in-swiftuiTests.release.xcconfig */ = {isa = PBXFileReference; includeInIndex = 1; lastKnownFileType = text.xcconfig; name = "Pods-admob-in-swiftuiTests.release.xcconfig"; path = "Target Support Files/Pods-admob-in-swiftuiTests/Pods-admob-in-swiftuiTests.release.xcconfig"; sourceTree = "<group>"; };
		4737D3F22642490B0032AFC8 /* admob-in-swiftui.app */ = {isa = PBXFileReference; explicitFileType = wrapper.application; includeInIndex = 0; path = "admob-in-swiftui.app"; sourceTree = BUILT_PRODUCTS_DIR; };
		4737D3F52642490B0032AFC8 /* admob_in_swiftuiApp.swift */ = {isa = PBXFileReference; lastKnownFileType = sourcecode.swift; path = admob_in_swiftuiApp.swift; sourceTree = "<group>"; };
		4737D3F72642490B0032AFC8 /* ContentView.swift */ = {isa = PBXFileReference; lastKnownFileType = sourcecode.swift; path = ContentView.swift; sourceTree = "<group>"; };
		4737D3F92642490C0032AFC8 /* Assets.xcassets */ = {isa = PBXFileReference; lastKnownFileType = folder.assetcatalog; path = Assets.xcassets; sourceTree = "<group>"; };
		4737D3FC2642490C0032AFC8 /* Preview Assets.xcassets */ = {isa = PBXFileReference; lastKnownFileType = folder.assetcatalog; path = "Preview Assets.xcassets"; sourceTree = "<group>"; };
		4737D3FE2642490C0032AFC8 /* Info.plist */ = {isa = PBXFileReference; lastKnownFileType = text.plist.xml; path = Info.plist; sourceTree = "<group>"; };
		4737D4032642490C0032AFC8 /* admob-in-swiftuiTests.xctest */ = {isa = PBXFileReference; explicitFileType = wrapper.cfbundle; includeInIndex = 0; path = "admob-in-swiftuiTests.xctest"; sourceTree = BUILT_PRODUCTS_DIR; };
		4737D4072642490C0032AFC8 /* admob_in_swiftuiTests.swift */ = {isa = PBXFileReference; lastKnownFileType = sourcecode.swift; path = admob_in_swiftuiTests.swift; sourceTree = "<group>"; };
		4737D4092642490C0032AFC8 /* Info.plist */ = {isa = PBXFileReference; lastKnownFileType = text.plist.xml; path = Info.plist; sourceTree = "<group>"; };
		4737D40E2642490C0032AFC8 /* admob-in-swiftuiUITests.xctest */ = {isa = PBXFileReference; explicitFileType = wrapper.cfbundle; includeInIndex = 0; path = "admob-in-swiftuiUITests.xctest"; sourceTree = BUILT_PRODUCTS_DIR; };
		4737D4122642490C0032AFC8 /* admob_in_swiftuiUITests.swift */ = {isa = PBXFileReference; lastKnownFileType = sourcecode.swift; path = admob_in_swiftuiUITests.swift; sourceTree = "<group>"; };
		4737D4142642490C0032AFC8 /* Info.plist */ = {isa = PBXFileReference; lastKnownFileType = text.plist.xml; path = Info.plist; sourceTree = "<group>"; };
		4737D44126424F6D0032AFC8 /* README.md */ = {isa = PBXFileReference; lastKnownFileType = net.daringfireball.markdown; path = README.md; sourceTree = "<group>"; };
		6416F72F18403C2DFD840EF8 /* Pods-admob-in-swiftui.debug.xcconfig */ = {isa = PBXFileReference; includeInIndex = 1; lastKnownFileType = text.xcconfig; name = "Pods-admob-in-swiftui.debug.xcconfig"; path = "Target Support Files/Pods-admob-in-swiftui/Pods-admob-in-swiftui.debug.xcconfig"; sourceTree = "<group>"; };
		79F5C338A1095D29180B167F /* Pods_admob_in_swiftui_admob_in_swiftuiUITests.framework */ = {isa = PBXFileReference; explicitFileType = wrapper.framework; includeInIndex = 0; path = Pods_admob_in_swiftui_admob_in_swiftuiUITests.framework; sourceTree = BUILT_PRODUCTS_DIR; };
		9399C8F13F43F4B00A9E56FF /* Pods-admob-in-swiftui-admob-in-swiftuiUITests.debug.xcconfig */ = {isa = PBXFileReference; includeInIndex = 1; lastKnownFileType = text.xcconfig; name = "Pods-admob-in-swiftui-admob-in-swiftuiUITests.debug.xcconfig"; path = "Target Support Files/Pods-admob-in-swiftui-admob-in-swiftuiUITests/Pods-admob-in-swiftui-admob-in-swiftuiUITests.debug.xcconfig"; sourceTree = "<group>"; };
		9B25229A8059D9ADC6CD2142 /* Pods_admob_in_swiftuiTests.framework */ = {isa = PBXFileReference; explicitFileType = wrapper.framework; includeInIndex = 0; path = Pods_admob_in_swiftuiTests.framework; sourceTree = BUILT_PRODUCTS_DIR; };
		9DC712FB9F03263B9A34888F /* Pods-admob-in-swiftuiTests.debug.xcconfig */ = {isa = PBXFileReference; includeInIndex = 1; lastKnownFileType = text.xcconfig; name = "Pods-admob-in-swiftuiTests.debug.xcconfig"; path = "Target Support Files/Pods-admob-in-swiftuiTests/Pods-admob-in-swiftuiTests.debug.xcconfig"; sourceTree = "<group>"; };
		AC7529A9A2C9584EFEAFF909 /* Pods-admob-in-swiftui-admob-in-swiftuiUITests.release.xcconfig */ = {isa = PBXFileReference; includeInIndex = 1; lastKnownFileType = text.xcconfig; name = "Pods-admob-in-swiftui-admob-in-swiftuiUITests.release.xcconfig"; path = "Target Support Files/Pods-admob-in-swiftui-admob-in-swiftuiUITests/Pods-admob-in-swiftui-admob-in-swiftuiUITests.release.xcconfig"; sourceTree = "<group>"; };
/* End PBXFileReference section */

/* Begin PBXFrameworksBuildPhase section */
		4737D3EF2642490B0032AFC8 /* Frameworks */ = {
			isa = PBXFrameworksBuildPhase;
			buildActionMask = 2147483647;
			files = (
				C1FF485B9E242481917BBD6F /* Pods_admob_in_swiftui.framework in Frameworks */,
			);
			runOnlyForDeploymentPostprocessing = 0;
		};
		4737D4002642490C0032AFC8 /* Frameworks */ = {
			isa = PBXFrameworksBuildPhase;
			buildActionMask = 2147483647;
			files = (
				D22ABA58ACCF38B0FDBADAF1 /* Pods_admob_in_swiftuiTests.framework in Frameworks */,
			);
			runOnlyForDeploymentPostprocessing = 0;
		};
		4737D40B2642490C0032AFC8 /* Frameworks */ = {
			isa = PBXFrameworksBuildPhase;
			buildActionMask = 2147483647;
			files = (
				84EC5A84C21F81E1914A2B2F /* Pods_admob_in_swiftui_admob_in_swiftuiUITests.framework in Frameworks */,
			);
			runOnlyForDeploymentPostprocessing = 0;
		};
/* End PBXFrameworksBuildPhase section */

/* Begin PBXGroup section */
		4737D3E92642490B0032AFC8 = {
			isa = PBXGroup;
			children = (
				4737D44126424F6D0032AFC8 /* README.md */,
				4737D3F42642490B0032AFC8 /* admob-in-swiftui */,
				4737D4062642490C0032AFC8 /* admob-in-swiftuiTests */,
				4737D4112642490C0032AFC8 /* admob-in-swiftuiUITests */,
				4737D3F32642490B0032AFC8 /* Products */,
				5BC579C832D19820C3674814 /* Pods */,
				7A981265915D027EF804BB99 /* Frameworks */,
			);
			sourceTree = "<group>";
		};
		4737D3F32642490B0032AFC8 /* Products */ = {
			isa = PBXGroup;
			children = (
				4737D3F22642490B0032AFC8 /* admob-in-swiftui.app */,
				4737D4032642490C0032AFC8 /* admob-in-swiftuiTests.xctest */,
				4737D40E2642490C0032AFC8 /* admob-in-swiftuiUITests.xctest */,
			);
			name = Products;
			sourceTree = "<group>";
		};
		4737D3F42642490B0032AFC8 /* admob-in-swiftui */ = {
			isa = PBXGroup;
			children = (
				4737D3F52642490B0032AFC8 /* admob_in_swiftuiApp.swift */,
				4737D3F72642490B0032AFC8 /* ContentView.swift */,
				4737D3F92642490C0032AFC8 /* Assets.xcassets */,
				4737D3FE2642490C0032AFC8 /* Info.plist */,
				4737D3FB2642490C0032AFC8 /* Preview Content */,
			);
			path = "admob-in-swiftui";
			sourceTree = "<group>";
		};
		4737D3FB2642490C0032AFC8 /* Preview Content */ = {
			isa = PBXGroup;
			children = (
				4737D3FC2642490C0032AFC8 /* Preview Assets.xcassets */,
			);
			path = "Preview Content";
			sourceTree = "<group>";
		};
		4737D4062642490C0032AFC8 /* admob-in-swiftuiTests */ = {
			isa = PBXGroup;
			children = (
				4737D4072642490C0032AFC8 /* admob_in_swiftuiTests.swift */,
				4737D4092642490C0032AFC8 /* Info.plist */,
			);
			path = "admob-in-swiftuiTests";
			sourceTree = "<group>";
		};
		4737D4112642490C0032AFC8 /* admob-in-swiftuiUITests */ = {
			isa = PBXGroup;
			children = (
				4737D4122642490C0032AFC8 /* admob_in_swiftuiUITests.swift */,
				4737D4142642490C0032AFC8 /* Info.plist */,
			);
			path = "admob-in-swiftuiUITests";
			sourceTree = "<group>";
		};
		5BC579C832D19820C3674814 /* Pods */ = {
			isa = PBXGroup;
			children = (
				6416F72F18403C2DFD840EF8 /* Pods-admob-in-swiftui.debug.xcconfig */,
				2B8733672134183E7874677B /* Pods-admob-in-swiftui.release.xcconfig */,
				9399C8F13F43F4B00A9E56FF /* Pods-admob-in-swiftui-admob-in-swiftuiUITests.debug.xcconfig */,
				AC7529A9A2C9584EFEAFF909 /* Pods-admob-in-swiftui-admob-in-swiftuiUITests.release.xcconfig */,
				9DC712FB9F03263B9A34888F /* Pods-admob-in-swiftuiTests.debug.xcconfig */,
				34470FE0F32AD5273ACAE033 /* Pods-admob-in-swiftuiTests.release.xcconfig */,
			);
			path = Pods;
			sourceTree = "<group>";
		};
		7A981265915D027EF804BB99 /* Frameworks */ = {
			isa = PBXGroup;
			children = (
				1EF5D883CD0ADB06D0EE8A05 /* Pods_admob_in_swiftui.framework */,
				79F5C338A1095D29180B167F /* Pods_admob_in_swiftui_admob_in_swiftuiUITests.framework */,
				9B25229A8059D9ADC6CD2142 /* Pods_admob_in_swiftuiTests.framework */,
			);
			name = Frameworks;
			sourceTree = "<group>";
		};
/* End PBXGroup section */

/* Begin PBXNativeTarget section */
		4737D3F12642490B0032AFC8 /* admob-in-swiftui */ = {
			isa = PBXNativeTarget;
			buildConfigurationList = 4737D4172642490C0032AFC8 /* Build configuration list for PBXNativeTarget "admob-in-swiftui" */;
			buildPhases = (
				4E30947CECFE0640ECDB1AC4 /* [CP] Check Pods Manifest.lock */,
				4737D3EE2642490B0032AFC8 /* Sources */,
				4737D3EF2642490B0032AFC8 /* Frameworks */,
				4737D3F02642490B0032AFC8 /* Resources */,
				60ECB94963E5CD1925C634F0 /* [CP] Embed Pods Frameworks */,
			);
			buildRules = (
			);
			dependencies = (
			);
			name = "admob-in-swiftui";
			productName = "admob-in-swiftui";
			productReference = 4737D3F22642490B0032AFC8 /* admob-in-swiftui.app */;
			productType = "com.apple.product-type.application";
		};
		4737D4022642490C0032AFC8 /* admob-in-swiftuiTests */ = {
			isa = PBXNativeTarget;
			buildConfigurationList = 4737D41A2642490C0032AFC8 /* Build configuration list for PBXNativeTarget "admob-in-swiftuiTests" */;
			buildPhases = (
				672B3241E66F4C35CAF18902 /* [CP] Check Pods Manifest.lock */,
				4737D3FF2642490C0032AFC8 /* Sources */,
				4737D4002642490C0032AFC8 /* Frameworks */,
				4737D4012642490C0032AFC8 /* Resources */,
			);
			buildRules = (
			);
			dependencies = (
				4737D4052642490C0032AFC8 /* PBXTargetDependency */,
			);
			name = "admob-in-swiftuiTests";
			productName = "admob-in-swiftuiTests";
			productReference = 4737D4032642490C0032AFC8 /* admob-in-swiftuiTests.xctest */;
			productType = "com.apple.product-type.bundle.unit-test";
		};
		4737D40D2642490C0032AFC8 /* admob-in-swiftuiUITests */ = {
			isa = PBXNativeTarget;
			buildConfigurationList = 4737D41D2642490C0032AFC8 /* Build configuration list for PBXNativeTarget "admob-in-swiftuiUITests" */;
			buildPhases = (
				CAA3AB541B57E019A983F6BC /* [CP] Check Pods Manifest.lock */,
				4737D40A2642490C0032AFC8 /* Sources */,
				4737D40B2642490C0032AFC8 /* Frameworks */,
				4737D40C2642490C0032AFC8 /* Resources */,
				4945C05BB22E3B8D6D59767E /* [CP] Embed Pods Frameworks */,
			);
			buildRules = (
			);
			dependencies = (
				4737D4102642490C0032AFC8 /* PBXTargetDependency */,
			);
			name = "admob-in-swiftuiUITests";
			productName = "admob-in-swiftuiUITests";
			productReference = 4737D40E2642490C0032AFC8 /* admob-in-swiftuiUITests.xctest */;
			productType = "com.apple.product-type.bundle.ui-testing";
		};
/* End PBXNativeTarget section */

/* Begin PBXProject section */
		4737D3EA2642490B0032AFC8 /* Project object */ = {
			isa = PBXProject;
			attributes = {
				LastSwiftUpdateCheck = 1240;
				LastUpgradeCheck = 1240;
				TargetAttributes = {
					4737D3F12642490B0032AFC8 = {
						CreatedOnToolsVersion = 12.4;
					};
					4737D4022642490C0032AFC8 = {
						CreatedOnToolsVersion = 12.4;
						TestTargetID = 4737D3F12642490B0032AFC8;
					};
					4737D40D2642490C0032AFC8 = {
						CreatedOnToolsVersion = 12.4;
						TestTargetID = 4737D3F12642490B0032AFC8;
					};
				};
			};
			buildConfigurationList = 4737D3ED2642490B0032AFC8 /* Build configuration list for PBXProject "admob-in-swiftui" */;
			compatibilityVersion = "Xcode 9.3";
			developmentRegion = en;
			hasScannedForEncodings = 0;
			knownRegions = (
				en,
				Base,
			);
			mainGroup = 4737D3E92642490B0032AFC8;
			productRefGroup = 4737D3F32642490B0032AFC8 /* Products */;
			projectDirPath = "";
			projectRoot = "";
			targets = (
				4737D3F12642490B0032AFC8 /* admob-in-swiftui */,
				4737D4022642490C0032AFC8 /* admob-in-swiftuiTests */,
				4737D40D2642490C0032AFC8 /* admob-in-swiftuiUITests */,
			);
		};
/* End PBXProject section */

/* Begin PBXResourcesBuildPhase section */
		4737D3F02642490B0032AFC8 /* Resources */ = {
			isa = PBXResourcesBuildPhase;
			buildActionMask = 2147483647;
			files = (
				4737D44226424F6D0032AFC8 /* README.md in Resources */,
				4737D3FD2642490C0032AFC8 /* Preview Assets.xcassets in Resources */,
				4737D3FA2642490C0032AFC8 /* Assets.xcassets in Resources */,
			);
			runOnlyForDeploymentPostprocessing = 0;
		};
		4737D4012642490C0032AFC8 /* Resources */ = {
			isa = PBXResourcesBuildPhase;
			buildActionMask = 2147483647;
			files = (
			);
			runOnlyForDeploymentPostprocessing = 0;
		};
		4737D40C2642490C0032AFC8 /* Resources */ = {
			isa = PBXResourcesBuildPhase;
			buildActionMask = 2147483647;
			files = (
			);
			runOnlyForDeploymentPostprocessing = 0;
		};
/* End PBXResourcesBuildPhase section */

/* Begin PBXShellScriptBuildPhase section */
		4945C05BB22E3B8D6D59767E /* [CP] Embed Pods Frameworks */ = {
			isa = PBXShellScriptBuildPhase;
			buildActionMask = 2147483647;
			files = (
			);
			inputFileListPaths = (
				"${PODS_ROOT}/Target Support Files/Pods-admob-in-swiftui-admob-in-swiftuiUITests/Pods-admob-in-swiftui-admob-in-swiftuiUITests-frameworks-${CONFIGURATION}-input-files.xcfilelist",
			);
			name = "[CP] Embed Pods Frameworks";
			outputFileListPaths = (
				"${PODS_ROOT}/Target Support Files/Pods-admob-in-swiftui-admob-in-swiftuiUITests/Pods-admob-in-swiftui-admob-in-swiftuiUITests-frameworks-${CONFIGURATION}-output-files.xcfilelist",
			);
			runOnlyForDeploymentPostprocessing = 0;
			shellPath = /bin/sh;
			shellScript = "\"${PODS_ROOT}/Target Support Files/Pods-admob-in-swiftui-admob-in-swiftuiUITests/Pods-admob-in-swiftui-admob-in-swiftuiUITests-frameworks.sh\"\n";
			showEnvVarsInLog = 0;
		};
		4E30947CECFE0640ECDB1AC4 /* [CP] Check Pods Manifest.lock */ = {
			isa = PBXShellScriptBuildPhase;
			buildActionMask = 2147483647;
			files = (
			);
			inputFileListPaths = (
			);
			inputPaths = (
				"${PODS_PODFILE_DIR_PATH}/Podfile.lock",
				"${PODS_ROOT}/Manifest.lock",
			);
			name = "[CP] Check Pods Manifest.lock";
			outputFileListPaths = (
			);
			outputPaths = (
				"$(DERIVED_FILE_DIR)/Pods-admob-in-swiftui-checkManifestLockResult.txt",
			);
			runOnlyForDeploymentPostprocessing = 0;
			shellPath = /bin/sh;
			shellScript = "diff \"${PODS_PODFILE_DIR_PATH}/Podfile.lock\" \"${PODS_ROOT}/Manifest.lock\" > /dev/null\nif [ $? != 0 ] ; then\n    # print error to STDERR\n    echo \"error: The sandbox is not in sync with the Podfile.lock. Run 'pod install' or update your CocoaPods installation.\" >&2\n    exit 1\nfi\n# This output is used by Xcode 'outputs' to avoid re-running this script phase.\necho \"SUCCESS\" > \"${SCRIPT_OUTPUT_FILE_0}\"\n";
			showEnvVarsInLog = 0;
		};
		60ECB94963E5CD1925C634F0 /* [CP] Embed Pods Frameworks */ = {
			isa = PBXShellScriptBuildPhase;
			buildActionMask = 2147483647;
			files = (
			);
			inputFileListPaths = (
				"${PODS_ROOT}/Target Support Files/Pods-admob-in-swiftui/Pods-admob-in-swiftui-frameworks-${CONFIGURATION}-input-files.xcfilelist",
			);
			name = "[CP] Embed Pods Frameworks";
			outputFileListPaths = (
				"${PODS_ROOT}/Target Support Files/Pods-admob-in-swiftui/Pods-admob-in-swiftui-frameworks-${CONFIGURATION}-output-files.xcfilelist",
			);
			runOnlyForDeploymentPostprocessing = 0;
			shellPath = /bin/sh;
			shellScript = "\"${PODS_ROOT}/Target Support Files/Pods-admob-in-swiftui/Pods-admob-in-swiftui-frameworks.sh\"\n";
			showEnvVarsInLog = 0;
		};
		672B3241E66F4C35CAF18902 /* [CP] Check Pods Manifest.lock */ = {
			isa = PBXShellScriptBuildPhase;
			buildActionMask = 2147483647;
			files = (
			);
			inputFileListPaths = (
			);
			inputPaths = (
				"${PODS_PODFILE_DIR_PATH}/Podfile.lock",
				"${PODS_ROOT}/Manifest.lock",
			);
			name = "[CP] Check Pods Manifest.lock";
			outputFileListPaths = (
			);
			outputPaths = (
				"$(DERIVED_FILE_DIR)/Pods-admob-in-swiftuiTests-checkManifestLockResult.txt",
			);
			runOnlyForDeploymentPostprocessing = 0;
			shellPath = /bin/sh;
			shellScript = "diff \"${PODS_PODFILE_DIR_PATH}/Podfile.lock\" \"${PODS_ROOT}/Manifest.lock\" > /dev/null\nif [ $? != 0 ] ; then\n    # print error to STDERR\n    echo \"error: The sandbox is not in sync with the Podfile.lock. Run 'pod install' or update your CocoaPods installation.\" >&2\n    exit 1\nfi\n# This output is used by Xcode 'outputs' to avoid re-running this script phase.\necho \"SUCCESS\" > \"${SCRIPT_OUTPUT_FILE_0}\"\n";
			showEnvVarsInLog = 0;
		};
		CAA3AB541B57E019A983F6BC /* [CP] Check Pods Manifest.lock */ = {
			isa = PBXShellScriptBuildPhase;
			buildActionMask = 2147483647;
			files = (
			);
			inputFileListPaths = (
			);
			inputPaths = (
				"${PODS_PODFILE_DIR_PATH}/Podfile.lock",
				"${PODS_ROOT}/Manifest.lock",
			);
			name = "[CP] Check Pods Manifest.lock";
			outputFileListPaths = (
			);
			outputPaths = (
				"$(DERIVED_FILE_DIR)/Pods-admob-in-swiftui-admob-in-swiftuiUITests-checkManifestLockResult.txt",
			);
			runOnlyForDeploymentPostprocessing = 0;
			shellPath = /bin/sh;
			shellScript = "diff \"${PODS_PODFILE_DIR_PATH}/Podfile.lock\" \"${PODS_ROOT}/Manifest.lock\" > /dev/null\nif [ $? != 0 ] ; then\n    # print error to STDERR\n    echo \"error: The sandbox is not in sync with the Podfile.lock. Run 'pod install' or update your CocoaPods installation.\" >&2\n    exit 1\nfi\n# This output is used by Xcode 'outputs' to avoid re-running this script phase.\necho \"SUCCESS\" > \"${SCRIPT_OUTPUT_FILE_0}\"\n";
			showEnvVarsInLog = 0;
		};
/* End PBXShellScriptBuildPhase section */

/* Begin PBXSourcesBuildPhase section */
		4737D3EE2642490B0032AFC8 /* Sources */ = {
			isa = PBXSourcesBuildPhase;
			buildActionMask = 2147483647;
			files = (
				4737D3F82642490B0032AFC8 /* ContentView.swift in Sources */,
				4737D3F62642490B0032AFC8 /* admob_in_swiftuiApp.swift in Sources */,
			);
			runOnlyForDeploymentPostprocessing = 0;
		};
		4737D3FF2642490C0032AFC8 /* Sources */ = {
			isa = PBXSourcesBuildPhase;
			buildActionMask = 2147483647;
			files = (
				4737D4082642490C0032AFC8 /* admob_in_swiftuiTests.swift in Sources */,
			);
			runOnlyForDeploymentPostprocessing = 0;
		};
		4737D40A2642490C0032AFC8 /* Sources */ = {
			isa = PBXSourcesBuildPhase;
			buildActionMask = 2147483647;
			files = (
				4737D4132642490C0032AFC8 /* admob_in_swiftuiUITests.swift in Sources */,
			);
			runOnlyForDeploymentPostprocessing = 0;
		};
/* End PBXSourcesBuildPhase section */

/* Begin PBXTargetDependency section */
		4737D4052642490C0032AFC8 /* PBXTargetDependency */ = {
			isa = PBXTargetDependency;
			target = 4737D3F12642490B0032AFC8 /* admob-in-swiftui */;
			targetProxy = 4737D4042642490C0032AFC8 /* PBXContainerItemProxy */;
		};
		4737D4102642490C0032AFC8 /* PBXTargetDependency */ = {
			isa = PBXTargetDependency;
			target = 4737D3F12642490B0032AFC8 /* admob-in-swiftui */;
			targetProxy = 4737D40F2642490C0032AFC8 /* PBXContainerItemProxy */;
		};
/* End PBXTargetDependency section */

/* Begin XCBuildConfiguration section */
		4737D4152642490C0032AFC8 /* Debug */ = {
			isa = XCBuildConfiguration;
			buildSettings = {
				ALWAYS_SEARCH_USER_PATHS = NO;
				CLANG_ANALYZER_NONNULL = YES;
				CLANG_ANALYZER_NUMBER_OBJECT_CONVERSION = YES_AGGRESSIVE;
				CLANG_CXX_LANGUAGE_STANDARD = "gnu++14";
				CLANG_CXX_LIBRARY = "libc++";
				CLANG_ENABLE_MODULES = YES;
				CLANG_ENABLE_OBJC_ARC = YES;
				CLANG_ENABLE_OBJC_WEAK = YES;
				CLANG_WARN_BLOCK_CAPTURE_AUTORELEASING = YES;
				CLANG_WARN_BOOL_CONVERSION = YES;
				CLANG_WARN_COMMA = YES;
				CLANG_WARN_CONSTANT_CONVERSION = YES;
				CLANG_WARN_DEPRECATED_OBJC_IMPLEMENTATIONS = YES;
				CLANG_WARN_DIRECT_OBJC_ISA_USAGE = YES_ERROR;
				CLANG_WARN_DOCUMENTATION_COMMENTS = YES;
				CLANG_WARN_EMPTY_BODY = YES;
				CLANG_WARN_ENUM_CONVERSION = YES;
				CLANG_WARN_INFINITE_RECURSION = YES;
				CLANG_WARN_INT_CONVERSION = YES;
				CLANG_WARN_NON_LITERAL_NULL_CONVERSION = YES;
				CLANG_WARN_OBJC_IMPLICIT_RETAIN_SELF = YES;
				CLANG_WARN_OBJC_LITERAL_CONVERSION = YES;
				CLANG_WARN_OBJC_ROOT_CLASS = YES_ERROR;
				CLANG_WARN_QUOTED_INCLUDE_IN_FRAMEWORK_HEADER = YES;
				CLANG_WARN_RANGE_LOOP_ANALYSIS = YES;
				CLANG_WARN_STRICT_PROTOTYPES = YES;
				CLANG_WARN_SUSPICIOUS_MOVE = YES;
				CLANG_WARN_UNGUARDED_AVAILABILITY = YES_AGGRESSIVE;
				CLANG_WARN_UNREACHABLE_CODE = YES;
				CLANG_WARN__DUPLICATE_METHOD_MATCH = YES;
				COPY_PHASE_STRIP = NO;
				DEBUG_INFORMATION_FORMAT = dwarf;
				ENABLE_STRICT_OBJC_MSGSEND = YES;
				ENABLE_TESTABILITY = YES;
				GCC_C_LANGUAGE_STANDARD = gnu11;
				GCC_DYNAMIC_NO_PIC = NO;
				GCC_NO_COMMON_BLOCKS = YES;
				GCC_OPTIMIZATION_LEVEL = 0;
				GCC_PREPROCESSOR_DEFINITIONS = (
					"DEBUG=1",
					"$(inherited)",
				);
				GCC_WARN_64_TO_32_BIT_CONVERSION = YES;
				GCC_WARN_ABOUT_RETURN_TYPE = YES_ERROR;
				GCC_WARN_UNDECLARED_SELECTOR = YES;
				GCC_WARN_UNINITIALIZED_AUTOS = YES_AGGRESSIVE;
				GCC_WARN_UNUSED_FUNCTION = YES;
				GCC_WARN_UNUSED_VARIABLE = YES;
				IPHONEOS_DEPLOYMENT_TARGET = 14.4;
				MTL_ENABLE_DEBUG_INFO = INCLUDE_SOURCE;
				MTL_FAST_MATH = YES;
				ONLY_ACTIVE_ARCH = YES;
				SDKROOT = iphoneos;
				SWIFT_ACTIVE_COMPILATION_CONDITIONS = DEBUG;
				SWIFT_OPTIMIZATION_LEVEL = "-Onone";
			};
			name = Debug;
		};
		4737D4162642490C0032AFC8 /* Release */ = {
			isa = XCBuildConfiguration;
			buildSettings = {
				ALWAYS_SEARCH_USER_PATHS = NO;
				CLANG_ANALYZER_NONNULL = YES;
				CLANG_ANALYZER_NUMBER_OBJECT_CONVERSION = YES_AGGRESSIVE;
				CLANG_CXX_LANGUAGE_STANDARD = "gnu++14";
				CLANG_CXX_LIBRARY = "libc++";
				CLANG_ENABLE_MODULES = YES;
				CLANG_ENABLE_OBJC_ARC = YES;
				CLANG_ENABLE_OBJC_WEAK = YES;
				CLANG_WARN_BLOCK_CAPTURE_AUTORELEASING = YES;
				CLANG_WARN_BOOL_CONVERSION = YES;
				CLANG_WARN_COMMA = YES;
				CLANG_WARN_CONSTANT_CONVERSION = YES;
				CLANG_WARN_DEPRECATED_OBJC_IMPLEMENTATIONS = YES;
				CLANG_WARN_DIRECT_OBJC_ISA_USAGE = YES_ERROR;
				CLANG_WARN_DOCUMENTATION_COMMENTS = YES;
				CLANG_WARN_EMPTY_BODY = YES;
				CLANG_WARN_ENUM_CONVERSION = YES;
				CLANG_WARN_INFINITE_RECURSION = YES;
				CLANG_WARN_INT_CONVERSION = YES;
				CLANG_WARN_NON_LITERAL_NULL_CONVERSION = YES;
				CLANG_WARN_OBJC_IMPLICIT_RETAIN_SELF = YES;
				CLANG_WARN_OBJC_LITERAL_CONVERSION = YES;
				CLANG_WARN_OBJC_ROOT_CLASS = YES_ERROR;
				CLANG_WARN_QUOTED_INCLUDE_IN_FRAMEWORK_HEADER = YES;
				CLANG_WARN_RANGE_LOOP_ANALYSIS = YES;
				CLANG_WARN_STRICT_PROTOTYPES = YES;
				CLANG_WARN_SUSPICIOUS_MOVE = YES;
				CLANG_WARN_UNGUARDED_AVAILABILITY = YES_AGGRESSIVE;
				CLANG_WARN_UNREACHABLE_CODE = YES;
				CLANG_WARN__DUPLICATE_METHOD_MATCH = YES;
				COPY_PHASE_STRIP = NO;
				DEBUG_INFORMATION_FORMAT = "dwarf-with-dsym";
				ENABLE_NS_ASSERTIONS = NO;
				ENABLE_STRICT_OBJC_MSGSEND = YES;
				GCC_C_LANGUAGE_STANDARD = gnu11;
				GCC_NO_COMMON_BLOCKS = YES;
				GCC_WARN_64_TO_32_BIT_CONVERSION = YES;
				GCC_WARN_ABOUT_RETURN_TYPE = YES_ERROR;
				GCC_WARN_UNDECLARED_SELECTOR = YES;
				GCC_WARN_UNINITIALIZED_AUTOS = YES_AGGRESSIVE;
				GCC_WARN_UNUSED_FUNCTION = YES;
				GCC_WARN_UNUSED_VARIABLE = YES;
				IPHONEOS_DEPLOYMENT_TARGET = 14.4;
				MTL_ENABLE_DEBUG_INFO = NO;
				MTL_FAST_MATH = YES;
				SDKROOT = iphoneos;
				SWIFT_COMPILATION_MODE = wholemodule;
				SWIFT_OPTIMIZATION_LEVEL = "-O";
				VALIDATE_PRODUCT = YES;
			};
			name = Release;
		};
		4737D4182642490C0032AFC8 /* Debug */ = {
			isa = XCBuildConfiguration;
			baseConfigurationReference = 6416F72F18403C2DFD840EF8 /* Pods-admob-in-swiftui.debug.xcconfig */;
			buildSettings = {
				ASSETCATALOG_COMPILER_APPICON_NAME = AppIcon;
				ASSETCATALOG_COMPILER_GLOBAL_ACCENT_COLOR_NAME = AccentColor;
				CODE_SIGN_STYLE = Automatic;
				DEVELOPMENT_ASSET_PATHS = "\"admob-in-swiftui/Preview Content\"";
				DEVELOPMENT_TEAM = 8JRNPB67KN;
				ENABLE_PREVIEWS = YES;
				INFOPLIST_FILE = "admob-in-swiftui/Info.plist";
				IPHONEOS_DEPLOYMENT_TARGET = 14.0;
				LD_RUNPATH_SEARCH_PATHS = (
					"$(inherited)",
					"@executable_path/Frameworks",
				);
				PRODUCT_BUNDLE_IDENTIFIER = "test.admob-in-swiftui";
				PRODUCT_NAME = "$(TARGET_NAME)";
				SWIFT_VERSION = 5.0;
				TARGETED_DEVICE_FAMILY = "1,2";
			};
			name = Debug;
		};
		4737D4192642490C0032AFC8 /* Release */ = {
			isa = XCBuildConfiguration;
			baseConfigurationReference = 2B8733672134183E7874677B /* Pods-admob-in-swiftui.release.xcconfig */;
			buildSettings = {
				ASSETCATALOG_COMPILER_APPICON_NAME = AppIcon;
				ASSETCATALOG_COMPILER_GLOBAL_ACCENT_COLOR_NAME = AccentColor;
				CODE_SIGN_STYLE = Automatic;
				DEVELOPMENT_ASSET_PATHS = "\"admob-in-swiftui/Preview Content\"";
				DEVELOPMENT_TEAM = 8JRNPB67KN;
				ENABLE_PREVIEWS = YES;
				INFOPLIST_FILE = "admob-in-swiftui/Info.plist";
				IPHONEOS_DEPLOYMENT_TARGET = 14.0;
				LD_RUNPATH_SEARCH_PATHS = (
					"$(inherited)",
					"@executable_path/Frameworks",
				);
				PRODUCT_BUNDLE_IDENTIFIER = "test.admob-in-swiftui";
				PRODUCT_NAME = "$(TARGET_NAME)";
				SWIFT_VERSION = 5.0;
				TARGETED_DEVICE_FAMILY = "1,2";
			};
			name = Release;
		};
		4737D41B2642490C0032AFC8 /* Debug */ = {
			isa = XCBuildConfiguration;
			baseConfigurationReference = 9DC712FB9F03263B9A34888F /* Pods-admob-in-swiftuiTests.debug.xcconfig */;
			buildSettings = {
				ALWAYS_EMBED_SWIFT_STANDARD_LIBRARIES = YES;
				BUNDLE_LOADER = "$(TEST_HOST)";
				CODE_SIGN_STYLE = Automatic;
				DEVELOPMENT_TEAM = 8JRNPB67KN;
				INFOPLIST_FILE = "admob-in-swiftuiTests/Info.plist";
				IPHONEOS_DEPLOYMENT_TARGET = 14.0;
				LD_RUNPATH_SEARCH_PATHS = (
					"$(inherited)",
					"@executable_path/Frameworks",
					"@loader_path/Frameworks",
				);
				PRODUCT_BUNDLE_IDENTIFIER = "test.admob-in-swiftuiTests";
				PRODUCT_NAME = "$(TARGET_NAME)";
				SWIFT_VERSION = 5.0;
				TARGETED_DEVICE_FAMILY = "1,2";
				TEST_HOST = "$(BUILT_PRODUCTS_DIR)/admob-in-swiftui.app/admob-in-swiftui";
			};
			name = Debug;
		};
		4737D41C2642490C0032AFC8 /* Release */ = {
			isa = XCBuildConfiguration;
			baseConfigurationReference = 34470FE0F32AD5273ACAE033 /* Pods-admob-in-swiftuiTests.release.xcconfig */;
			buildSettings = {
				ALWAYS_EMBED_SWIFT_STANDARD_LIBRARIES = YES;
				BUNDLE_LOADER = "$(TEST_HOST)";
				CODE_SIGN_STYLE = Automatic;
				DEVELOPMENT_TEAM = 8JRNPB67KN;
				INFOPLIST_FILE = "admob-in-swiftuiTests/Info.plist";
				IPHONEOS_DEPLOYMENT_TARGET = 14.0;
				LD_RUNPATH_SEARCH_PATHS = (
					"$(inherited)",
					"@executable_path/Frameworks",
					"@loader_path/Frameworks",
				);
				PRODUCT_BUNDLE_IDENTIFIER = "test.admob-in-swiftuiTests";
				PRODUCT_NAME = "$(TARGET_NAME)";
				SWIFT_VERSION = 5.0;
				TARGETED_DEVICE_FAMILY = "1,2";
				TEST_HOST = "$(BUILT_PRODUCTS_DIR)/admob-in-swiftui.app/admob-in-swiftui";
			};
			name = Release;
		};
		4737D41E2642490C0032AFC8 /* Debug */ = {
			isa = XCBuildConfiguration;
			baseConfigurationReference = 9399C8F13F43F4B00A9E56FF /* Pods-admob-in-swiftui-admob-in-swiftuiUITests.debug.xcconfig */;
			buildSettings = {
				ALWAYS_EMBED_SWIFT_STANDARD_LIBRARIES = YES;
				CODE_SIGN_STYLE = Automatic;
				DEVELOPMENT_TEAM = 8JRNPB67KN;
				INFOPLIST_FILE = "admob-in-swiftuiUITests/Info.plist";
				LD_RUNPATH_SEARCH_PATHS = (
					"$(inherited)",
					"@executable_path/Frameworks",
					"@loader_path/Frameworks",
				);
				PRODUCT_BUNDLE_IDENTIFIER = "test.admob-in-swiftuiUITests";
				PRODUCT_NAME = "$(TARGET_NAME)";
				SWIFT_VERSION = 5.0;
				TARGETED_DEVICE_FAMILY = "1,2";
				TEST_TARGET_NAME = "admob-in-swiftui";
			};
			name = Debug;
		};
		4737D41F2642490C0032AFC8 /* Release */ = {
			isa = XCBuildConfiguration;
			baseConfigurationReference = AC7529A9A2C9584EFEAFF909 /* Pods-admob-in-swiftui-admob-in-swiftuiUITests.release.xcconfig */;
			buildSettings = {
				ALWAYS_EMBED_SWIFT_STANDARD_LIBRARIES = YES;
				CODE_SIGN_STYLE = Automatic;
				DEVELOPMENT_TEAM = 8JRNPB67KN;
				INFOPLIST_FILE = "admob-in-swiftuiUITests/Info.plist";
				LD_RUNPATH_SEARCH_PATHS = (
					"$(inherited)",
					"@executable_path/Frameworks",
					"@loader_path/Frameworks",
				);
				PRODUCT_BUNDLE_IDENTIFIER = "test.admob-in-swiftuiUITests";
				PRODUCT_NAME = "$(TARGET_NAME)";
				SWIFT_VERSION = 5.0;
				TARGETED_DEVICE_FAMILY = "1,2";
				TEST_TARGET_NAME = "admob-in-swiftui";
			};
			name = Release;
		};
/* End XCBuildConfiguration section */

/* Begin XCConfigurationList section */
		4737D3ED2642490B0032AFC8 /* Build configuration list for PBXProject "admob-in-swiftui" */ = {
			isa = XCConfigurationList;
			buildConfigurations = (
				4737D4152642490C0032AFC8 /* Debug */,
				4737D4162642490C0032AFC8 /* Release */,
			);
			defaultConfigurationIsVisible = 0;
			defaultConfigurationName = Release;
		};
		4737D4172642490C0032AFC8 /* Build configuration list for PBXNativeTarget "admob-in-swiftui" */ = {
			isa = XCConfigurationList;
			buildConfigurations = (
				4737D4182642490C0032AFC8 /* Debug */,
				4737D4192642490C0032AFC8 /* Release */,
			);
			defaultConfigurationIsVisible = 0;
			defaultConfigurationName = Release;
		};
		4737D41A2642490C0032AFC8 /* Build configuration list for PBXNativeTarget "admob-in-swiftuiTests" */ = {
			isa = XCConfigurationList;
			buildConfigurations = (
				4737D41B2642490C0032AFC8 /* Debug */,
				4737D41C2642490C0032AFC8 /* Release */,
			);
			defaultConfigurationIsVisible = 0;
			defaultConfigurationName = Release;
		};
		4737D41D2642490C0032AFC8 /* Build configuration list for PBXNativeTarget "admob-in-swiftuiUITests" */ = {
			isa = XCConfigurationList;
			buildConfigurations = (
				4737D41E2642490C0032AFC8 /* Debug */,
				4737D41F2642490C0032AFC8 /* Release */,
			);
			defaultConfigurationIsVisible = 0;
			defaultConfigurationName = Release;
		};
/* End XCConfigurationList section */
	};
	rootObject = 4737D3EA2642490B0032AFC8 /* Project object */;
}
